
Microsoft Visual Studio Solution File, Format Version 12.00
# Visual Studio 15
Project("{FAE04EC0-301F-11D3-BF4B-00C04F79EFBC}") = "DragonBoatApp.Android", "DragonBoatApp.Android\DragonBoatApp.Android.csproj", "{5AD7F66F-829B-41C3-A550-A8DE9C7A9EDB}"
EndProject
Project("{FAE04EC0-301F-11D3-BF4B-00C04F79EFBC}") = "DragonBoatApp.iOS", "DragonBoatApp.iOS\DragonBoatApp.iOS.csproj", "{5EDFDC4A-06FE-48D9-B587-43E2FE0950ED}"
EndProject
Project("{FAE04EC0-301F-11D3-BF4B-00C04F79EFBC}") = "DragonBoatApp", "DragonBoatApp\DragonBoatApp.csproj", "{CAC4F8C2-B544-47C0-A0B0-72246369003F}"
EndProject
Global
	GlobalSection(SolutionConfigurationPlatforms) = preSolution
		Debug|Any CPU = Debug|Any CPU
		Release|Any CPU = Release|Any CPU
		Debug|iPhoneSimulator = Debug|iPhoneSimulator
		Release|iPhoneSimulator = Release|iPhoneSimulator
		Debug|iPhone = Debug|iPhone
		Release|iPhone = Release|iPhone
	EndGlobalSection
	GlobalSection(ProjectConfigurationPlatforms) = postSolution
		{5AD7F66F-829B-41C3-A550-A8DE9C7A9EDB}.Debug|Any CPU.ActiveCfg = Debug|Any CPU
		{5AD7F66F-829B-41C3-A550-A8DE9C7A9EDB}.Debug|Any CPU.Build.0 = Debug|Any CPU
		{5AD7F66F-829B-41C3-A550-A8DE9C7A9EDB}.Release|Any CPU.ActiveCfg = Release|Any CPU
		{5AD7F66F-829B-41C3-A550-A8DE9C7A9EDB}.Release|Any CPU.Build.0 = Release|Any CPU
		{5AD7F66F-829B-41C3-A550-A8DE9C7A9EDB}.Debug|iPhoneSimulator.ActiveCfg = Debug|Any CPU
		{5AD7F66F-829B-41C3-A550-A8DE9C7A9EDB}.Debug|iPhoneSimulator.Build.0 = Debug|Any CPU
		{5AD7F66F-829B-41C3-A550-A8DE9C7A9EDB}.Release|iPhoneSimulator.ActiveCfg = Release|Any CPU
		{5AD7F66F-829B-41C3-A550-A8DE9C7A9EDB}.Release|iPhoneSimulator.Build.0 = Release|Any CPU
		{5AD7F66F-829B-41C3-A550-A8DE9C7A9EDB}.Debug|iPhone.ActiveCfg = Debug|Any CPU
		{5AD7F66F-829B-41C3-A550-A8DE9C7A9EDB}.Debug|iPhone.Build.0 = Debug|Any CPU
		{5AD7F66F-829B-41C3-A550-A8DE9C7A9EDB}.Release|iPhone.ActiveCfg = Release|Any CPU
		{5AD7F66F-829B-41C3-A550-A8DE9C7A9EDB}.Release|iPhone.Build.0 = Release|Any CPU
		{5EDFDC4A-06FE-48D9-B587-43E2FE0950ED}.Debug|Any CPU.ActiveCfg = Debug|iPhoneSimulator
		{5EDFDC4A-06FE-48D9-B587-43E2FE0950ED}.Debug|Any CPU.Build.0 = Debug|iPhoneSimulator
		{5EDFDC4A-06FE-48D9-B587-43E2FE0950ED}.Release|Any CPU.ActiveCfg = Release|iPhoneSimulator
		{5EDFDC4A-06FE-48D9-B587-43E2FE0950ED}.Release|Any CPU.Build.0 = Release|iPhoneSimulator
		{5EDFDC4A-06FE-48D9-B587-43E2FE0950ED}.Debug|iPhoneSimulator.ActiveCfg = Debug|iPhoneSimulator
		{5EDFDC4A-06FE-48D9-B587-43E2FE0950ED}.Debug|iPhoneSimulator.Build.0 = Debug|iPhoneSimulator
		{5EDFDC4A-06FE-48D9-B587-43E2FE0950ED}.Release|iPhoneSimulator.ActiveCfg = Release|iPhoneSimulator
		{5EDFDC4A-06FE-48D9-B587-43E2FE0950ED}.Release|iPhoneSimulator.Build.0 = Release|iPhoneSimulator
		{5EDFDC4A-06FE-48D9-B587-43E2FE0950ED}.Debug|iPhone.ActiveCfg = Debug|iPhone
		{5EDFDC4A-06FE-48D9-B587-43E2FE0950ED}.Debug|iPhone.Build.0 = Debug|iPhone
		{5EDFDC4A-06FE-48D9-B587-43E2FE0950ED}.Release|iPhone.ActiveCfg = Release|iPhone
		{5EDFDC4A-06FE-48D9-B587-43E2FE0950ED}.Release|iPhone.Build.0 = Release|iPhone
		{CAC4F8C2-B544-47C0-A0B0-72246369003F}.Debug|Any CPU.ActiveCfg = Debug|Any CPU
		{CAC4F8C2-B544-47C0-A0B0-72246369003F}.Debug|Any CPU.Build.0 = Debug|Any CPU
		{CAC4F8C2-B544-47C0-A0B0-72246369003F}.Release|Any CPU.ActiveCfg = Release|Any CPU
		{CAC4F8C2-B544-47C0-A0B0-72246369003F}.Release|Any CPU.Build.0 = Release|Any CPU
		{CAC4F8C2-B544-47C0-A0B0-72246369003F}.Debug|iPhoneSimulator.ActiveCfg = Debug|Any CPU
		{CAC4F8C2-B544-47C0-A0B0-72246369003F}.Debug|iPhoneSimulator.Build.0 = Debug|Any CPU
		{CAC4F8C2-B544-47C0-A0B0-72246369003F}.Release|iPhoneSimulator.ActiveCfg = Release|Any CPU
		{CAC4F8C2-B544-47C0-A0B0-72246369003F}.Release|iPhoneSimulator.Build.0 = Release|Any CPU
		{CAC4F8C2-B544-47C0-A0B0-72246369003F}.Debug|iPhone.ActiveCfg = Debug|Any CPU
		{CAC4F8C2-B544-47C0-A0B0-72246369003F}.Debug|iPhone.Build.0 = Debug|Any CPU
		{CAC4F8C2-B544-47C0-A0B0-72246369003F}.Release|iPhone.ActiveCfg = Release|Any CPU
		{CAC4F8C2-B544-47C0-A0B0-72246369003F}.Release|iPhone.Build.0 = Release|Any CPU
	EndGlobalSection
EndGlobal
